
Microsoft Visual Studio Solution File, Format Version 12.00
# Visual Studio Version 17
VisualStudioVersion = 17.10.35122.118
MinimumVisualStudioVersion = 10.0.40219.1
Project("{FAE04EC0-301F-11D3-BF4B-00C04F79EFBC}") = "UIDesign", "UIDesign\UIDesign.csproj", "{F3140652-F037-460D-91A2-E99B54E3C23E}"
EndProject
Global
	GlobalSection(SolutionConfigurationPlatforms) = preSolution
		Debug|Any CPU = Debug|Any CPU
		Release|Any CPU = Release|Any CPU
	EndGlobalSection
	GlobalSection(ProjectConfigurationPlatforms) = postSolution
		{F3140652-F037-460D-91A2-E99B54E3C23E}.Debug|Any CPU.ActiveCfg = Debug|Any CPU
		{F3140652-F037-460D-91A2-E99B54E3C23E}.Debug|Any CPU.Build.0 = Debug|Any CPU
		{F3140652-F037-460D-91A2-E99B54E3C23E}.Release|Any CPU.ActiveCfg = Release|Any CPU
		{F3140652-F037-460D-91A2-E99B54E3C23E}.Release|Any CPU.Build.0 = Release|Any CPU
	EndGlobalSection
	GlobalSection(SolutionProperties) = preSolution
		HideSolutionNode = FALSE
	EndGlobalSection
	GlobalSection(ExtensibilityGlobals) = postSolution
		SolutionGuid = {77F2DB7F-2DAA-41E7-A14F-3197E644E4B5}
	EndGlobalSection
EndGlobal
